github.com/pelletier/go-toml v1.9.5 h1:4yBQzkHv+7BHq2PQUZF3Mx0IYxG7LsP222s7Agd3ve8=
github.com/pelletier/go-toml v1.9.5/go.mod h1:u1nR/EPcESfeI/szUZKdtJ0xRNbUoANCkoOuaOx1Y+c=
gitoa.ru/go-4devs/config v0.0.1 h1:9KrOO09YbIMO8qL8aVn/G74DurGdOIW5y3O02bays4I=
gitoa.ru/go-4devs/config v0.0.1/go.mod h1:xfEC2Al9xnMLJUuekYs3KhJ5BIzWAseNwkMwbN6/xss=
