gitoa.ru/go-4devs/config v0.0.1 h1:9KrOO09YbIMO8qL8aVn/G74DurGdOIW5y3O02bays4I=
gitoa.ru/go-4devs/config v0.0.1/go.mod h1:xfEC2Al9xnMLJUuekYs3KhJ5BIzWAseNwkMwbN6/xss=
gitoa.ru/go-4devs/config v0.0.5 h1:9GnQ1G6ebpkXe1tAeb3va/GIx7eBrMuJBYra47OXl+w=
gitoa.ru/go-4devs/config v0.0.5/go.mod h1:UINWnObZA0nLiJro+TtavUBBvN0cSt17aRHOk20pP74=
gopkg.in/check.v1 v0.0.0-20161208181325-20d25e280405 h1:yhCVgyC4o1eVCa2tZl7eS0r+SDo693bJlVdllGtEeKM=
gopkg.in/check.v1 v0.0.0-20161208181325-20d25e280405/go.mod h1:Co6ibVJAznAaIkqp8huTwlJQCZ016jof/cbN4VW5Yz0=
gopkg.in/yaml.v3 v3.0.1 h1:fxVm/GzAzEWqLHuvctI91KS9hhNmmWOoWu0XTYJS7CA=
gopkg.in/yaml.v3 v3.0.1/go.mod h1:K4uyk7z7BCEPqu6E+C64Yfv1cQ7kz7rIZviUmN+EgEM=
